
Microsoft Visual Studio Solution File, Format Version 12.00
# Visual Studio Version 16
VisualStudioVersion = 16.0.30517.126
MinimumVisualStudioVersion = 10.0.40219.1
Project("{FAE04EC0-301F-11D3-BF4B-00C04F79EFBC}") = "Davicom", "Davicom\Davicom.csproj", "{50522740-1B85-41CF-A0EB-7B9C24373E55}"
EndProject
Global
	GlobalSection(SolutionConfigurationPlatforms) = preSolution
		Debug|Any CPU = Debug|Any CPU
		Release|Any CPU = Release|Any CPU
	EndGlobalSection
	GlobalSection(ProjectConfigurationPlatforms) = postSolution
		{50522740-1B85-41CF-A0EB-7B9C24373E55}.Debug|Any CPU.ActiveCfg = Debug|Any CPU
		{50522740-1B85-41CF-A0EB-7B9C24373E55}.Debug|Any CPU.Build.0 = Debug|Any CPU
		{50522740-1B85-41CF-A0EB-7B9C24373E55}.Release|Any CPU.ActiveCfg = Release|Any CPU
		{50522740-1B85-41CF-A0EB-7B9C24373E55}.Release|Any CPU.Build.0 = Release|Any CPU
	EndGlobalSection
	GlobalSection(SolutionProperties) = preSolution
		HideSolutionNode = FALSE
	EndGlobalSection
	GlobalSection(ExtensibilityGlobals) = postSolution
		SolutionGuid = {7C03D559-3529-4815-9D29-E83EB65EE15F}
	EndGlobalSection
EndGlobal
